
Microsoft Visual Studio Solution File, Format Version 12.00
# Visual Studio 14
VisualStudioVersion = 14.0.24720.0
MinimumVisualStudioVersion = 10.0.40219.1
Project("{FAE04EC0-301F-11D3-BF4B-00C04F79EFBC}") = "UMC", "UMC\UMC.csproj", "{90E8A2E0-EFBC-437C-BB00-EDE274566AF5}"
EndProject
Project("{FAE04EC0-301F-11D3-BF4B-00C04F79EFBC}") = "UMC.Tests", "UMC.Tests\UMC.Tests.csproj", "{98A88A6C-A047-4983-85E4-E5137D265B63}"
EndProject
Global
	GlobalSection(SolutionConfigurationPlatforms) = preSolution
		Debug|Any CPU = Debug|Any CPU
		Release|Any CPU = Release|Any CPU
	EndGlobalSection
	GlobalSection(ProjectConfigurationPlatforms) = postSolution
		{90E8A2E0-EFBC-437C-BB00-EDE274566AF5}.Debug|Any CPU.ActiveCfg = Debug|Any CPU
		{90E8A2E0-EFBC-437C-BB00-EDE274566AF5}.Debug|Any CPU.Build.0 = Debug|Any CPU
		{90E8A2E0-EFBC-437C-BB00-EDE274566AF5}.Release|Any CPU.ActiveCfg = Release|Any CPU
		{90E8A2E0-EFBC-437C-BB00-EDE274566AF5}.Release|Any CPU.Build.0 = Release|Any CPU
		{98A88A6C-A047-4983-85E4-E5137D265B63}.Debug|Any CPU.ActiveCfg = Debug|Any CPU
		{98A88A6C-A047-4983-85E4-E5137D265B63}.Debug|Any CPU.Build.0 = Debug|Any CPU
		{98A88A6C-A047-4983-85E4-E5137D265B63}.Release|Any CPU.ActiveCfg = Release|Any CPU
		{98A88A6C-A047-4983-85E4-E5137D265B63}.Release|Any CPU.Build.0 = Release|Any CPU
	EndGlobalSection
	GlobalSection(SolutionProperties) = preSolution
		HideSolutionNode = FALSE
	EndGlobalSection
EndGlobal
